
Microsoft Visual Studio Solution File, Format Version 12.00
# Visual Studio 14
VisualStudioVersion = 14.0.24720.0
MinimumVisualStudioVersion = 10.0.40219.1
Project("{FAE04EC0-301F-11D3-BF4B-00C04F79EFBC}") = "SocketClients", "SocketClients\SocketClients.csproj", "{83EAF31A-951E-40B5-A2FC-6E7EB3AB89B1}"
EndProject
Project("{FAE04EC0-301F-11D3-BF4B-00C04F79EFBC}") = "AsychronousWebServer", "SychronousWebServer\AsychronousWebServer.csproj", "{87A48F46-63B8-43EB-8337-A3DC9F107E62}"
EndProject
Project("{FAE04EC0-301F-11D3-BF4B-00C04F79EFBC}") = "SharpenerClasses", "SharpenerClasses\SharpenerClasses.csproj", "{528CCAF6-4B95-4BD1-9A6F-359C937BF97F}"
EndProject
Global
	GlobalSection(SolutionConfigurationPlatforms) = preSolution
		Debug|Any CPU = Debug|Any CPU
		Release|Any CPU = Release|Any CPU
	EndGlobalSection
	GlobalSection(ProjectConfigurationPlatforms) = postSolution
		{83EAF31A-951E-40B5-A2FC-6E7EB3AB89B1}.Debug|Any CPU.ActiveCfg = Debug|Any CPU
		{83EAF31A-951E-40B5-A2FC-6E7EB3AB89B1}.Debug|Any CPU.Build.0 = Debug|Any CPU
		{83EAF31A-951E-40B5-A2FC-6E7EB3AB89B1}.Release|Any CPU.ActiveCfg = Release|Any CPU
		{83EAF31A-951E-40B5-A2FC-6E7EB3AB89B1}.Release|Any CPU.Build.0 = Release|Any CPU
		{87A48F46-63B8-43EB-8337-A3DC9F107E62}.Debug|Any CPU.ActiveCfg = Debug|Any CPU
		{87A48F46-63B8-43EB-8337-A3DC9F107E62}.Debug|Any CPU.Build.0 = Debug|Any CPU
		{87A48F46-63B8-43EB-8337-A3DC9F107E62}.Release|Any CPU.ActiveCfg = Release|Any CPU
		{87A48F46-63B8-43EB-8337-A3DC9F107E62}.Release|Any CPU.Build.0 = Release|Any CPU
		{528CCAF6-4B95-4BD1-9A6F-359C937BF97F}.Debug|Any CPU.ActiveCfg = Debug|Any CPU
		{528CCAF6-4B95-4BD1-9A6F-359C937BF97F}.Debug|Any CPU.Build.0 = Debug|Any CPU
		{528CCAF6-4B95-4BD1-9A6F-359C937BF97F}.Release|Any CPU.ActiveCfg = Release|Any CPU
		{528CCAF6-4B95-4BD1-9A6F-359C937BF97F}.Release|Any CPU.Build.0 = Release|Any CPU
	EndGlobalSection
	GlobalSection(SolutionProperties) = preSolution
		HideSolutionNode = FALSE
	EndGlobalSection
EndGlobal
